// !$*UTF8*$!
{
	archiveVersion = 1;
	classes = {
	};
	objectVersion = 46;
	objects = {

/* Begin PBXBuildFile section */
		8F2164541E7B0E9F008E5138 /* AppDelegate.swift in Sources */ = {isa = PBXBuildFile; fileRef = 8F2164531E7B0E9F008E5138 /* AppDelegate.swift */; };
		8F2164591E7B0E9F008E5138 /* Main.storyboard in Resources */ = {isa = PBXBuildFile; fileRef = 8F2164571E7B0E9F008E5138 /* Main.storyboard */; };
		8F21645B1E7B0E9F008E5138 /* Assets.xcassets in Resources */ = {isa = PBXBuildFile; fileRef = 8F21645A1E7B0E9F008E5138 /* Assets.xcassets */; };
		8F21645E1E7B0E9F008E5138 /* LaunchScreen.storyboard in Resources */ = {isa = PBXBuildFile; fileRef = 8F21645C1E7B0E9F008E5138 /* LaunchScreen.storyboard */; };
		8F21646D1E7B1848008E5138 /* DocModel.xcdatamodeld in Sources */ = {isa = PBXBuildFile; fileRef = 8F21646B1E7B1848008E5138 /* DocModel.xcdatamodeld */; };
		8F21646F1E7B1A40008E5138 /* CoreDataStack.swift in Sources */ = {isa = PBXBuildFile; fileRef = 8F21646E1E7B1A40008E5138 /* CoreDataStack.swift */; };
		8F2164711E7B2429008E5138 /* ViewController.swift in Sources */ = {isa = PBXBuildFile; fileRef = 8F2164701E7B2429008E5138 /* ViewController.swift */; };
/* End PBXBuildFile section */

/* Begin PBXFileReference section */
		8F2164501E7B0E9F008E5138 /* DocShop.app */ = {isa = PBXFileReference; explicitFileType = wrapper.application; includeInIndex = 0; path = DocShop.app; sourceTree = BUILT_PRODUCTS_DIR; };
		8F2164531E7B0E9F008E5138 /* AppDelegate.swift */ = {isa = PBXFileReference; lastKnownFileType = sourcecode.swift; path = AppDelegate.swift; sourceTree = "<group>"; };
		8F2164581E7B0E9F008E5138 /* Base */ = {isa = PBXFileReference; lastKnownFileType = file.storyboard; name = Base; path = Base.lproj/Main.storyboard; sourceTree = "<group>"; };
		8F21645A1E7B0E9F008E5138 /* Assets.xcassets */ = {isa = PBXFileReference; lastKnownFileType = folder.assetcatalog; path = Assets.xcassets; sourceTree = "<group>"; };
		8F21645D1E7B0E9F008E5138 /* Base */ = {isa = PBXFileReference; lastKnownFileType = file.storyboard; name = Base; path = Base.lproj/LaunchScreen.storyboard; sourceTree = "<group>"; };
		8F21645F1E7B0E9F008E5138 /* Info.plist */ = {isa = PBXFileReference; lastKnownFileType = text.plist.xml; path = Info.plist; sourceTree = "<group>"; };
		8F21646C1E7B1848008E5138 /* DocModel.xcdatamodel */ = {isa = PBXFileReference; lastKnownFileType = wrapper.xcdatamodel; path = DocModel.xcdatamodel; sourceTree = "<group>"; };
		8F21646E1E7B1A40008E5138 /* CoreDataStack.swift */ = {isa = PBXFileReference; fileEncoding = 4; lastKnownFileType = sourcecode.swift; path = CoreDataStack.swift; sourceTree = "<group>"; };
		8F2164701E7B2429008E5138 /* ViewController.swift */ = {isa = PBXFileReference; fileEncoding = 4; lastKnownFileType = sourcecode.swift; path = ViewController.swift; sourceTree = "<group>"; };
/* End PBXFileReference section */

/* Begin PBXFrameworksBuildPhase section */
		8F21644D1E7B0E9F008E5138 /* Frameworks */ = {
			isa = PBXFrameworksBuildPhase;
			buildActionMask = 2147483647;
			files = (
			);
			runOnlyForDeploymentPostprocessing = 0;
		};
/* End PBXFrameworksBuildPhase section */

/* Begin PBXGroup section */
		8F2164471E7B0E9F008E5138 = {
			isa = PBXGroup;
			children = (
				8F2164521E7B0E9F008E5138 /* DocShop */,
				8F2164511E7B0E9F008E5138 /* Products */,
			);
			sourceTree = "<group>";
		};
		8F2164511E7B0E9F008E5138 /* Products */ = {
			isa = PBXGroup;
			children = (
				8F2164501E7B0E9F008E5138 /* DocShop.app */,
			);
			name = Products;
			sourceTree = "<group>";
		};
		8F2164521E7B0E9F008E5138 /* DocShop */ = {
			isa = PBXGroup;
			children = (
				8F2164531E7B0E9F008E5138 /* AppDelegate.swift */,
				8F2164701E7B2429008E5138 /* ViewController.swift */,
				8F2164571E7B0E9F008E5138 /* Main.storyboard */,
				8F21646B1E7B1848008E5138 /* DocModel.xcdatamodeld */,
				8F21645A1E7B0E9F008E5138 /* Assets.xcassets */,
				8F21645C1E7B0E9F008E5138 /* LaunchScreen.storyboard */,
				8F21645F1E7B0E9F008E5138 /* Info.plist */,
				8F21646E1E7B1A40008E5138 /* CoreDataStack.swift */,
			);
			path = DocShop;
			sourceTree = "<group>";
		};
/* End PBXGroup section */

/* Begin PBXNativeTarget section */
		8F21644F1E7B0E9F008E5138 /* DocShop */ = {
			isa = PBXNativeTarget;
			buildConfigurationList = 8F2164621E7B0E9F008E5138 /* Build configuration list for PBXNativeTarget "DocShop" */;
			buildPhases = (
				8F21644C1E7B0E9F008E5138 /* Sources */,
				8F21644D1E7B0E9F008E5138 /* Frameworks */,
				8F21644E1E7B0E9F008E5138 /* Resources */,
			);
			buildRules = (
			);
			dependencies = (
			);
			name = DocShop;
			productName = DocShop;
			productReference = 8F2164501E7B0E9F008E5138 /* DocShop.app */;
			productType = "com.apple.product-type.application";
		};
/* End PBXNativeTarget section */

/* Begin PBXProject section */
		8F2164481E7B0E9F008E5138 /* Project object */ = {
			isa = PBXProject;
			attributes = {
				LastSwiftUpdateCheck = 0820;
				LastUpgradeCheck = 0820;
				ORGANIZATIONNAME = "Johann Kerr";
				TargetAttributes = {
					8F21644F1E7B0E9F008E5138 = {
						CreatedOnToolsVersion = 8.2.1;
						DevelopmentTeam = WNAGBXF4G9;
						ProvisioningStyle = Automatic;
					};
				};
			};
			buildConfigurationList = 8F21644B1E7B0E9F008E5138 /* Build configuration list for PBXProject "DocShop" */;
			compatibilityVersion = "Xcode 3.2";
			developmentRegion = English;
			hasScannedForEncodings = 0;
			knownRegions = (
				en,
				Base,
			);
			mainGroup = 8F2164471E7B0E9F008E5138;
			productRefGroup = 8F2164511E7B0E9F008E5138 /* Products */;
			projectDirPath = "";
			projectRoot = "";
			targets = (
				8F21644F1E7B0E9F008E5138 /* DocShop */,
			);
		};
/* End PBXProject section */

/* Begin PBXResourcesBuildPhase section */
		8F21644E1E7B0E9F008E5138 /* Resources */ = {
			isa = PBXResourcesBuildPhase;
			buildActionMask = 2147483647;
			files = (
				8F21645E1E7B0E9F008E5138 /* LaunchScreen.storyboard in Resources */,
				8F21645B1E7B0E9F008E5138 /* Assets.xcassets in Resources */,
				8F2164591E7B0E9F008E5138 /* Main.storyboard in Resources */,
			);
			runOnlyForDeploymentPostprocessing = 0;
		};
/* End PBXResourcesBuildPhase section */

/* Begin PBXSourcesBuildPhase section */
		8F21644C1E7B0E9F008E5138 /* Sources */ = {
			isa = PBXSourcesBuildPhase;
			buildActionMask = 2147483647;
			files = (
				8F21646F1E7B1A40008E5138 /* CoreDataStack.swift in Sources */,
				8F21646D1E7B1848008E5138 /* DocModel.xcdatamodeld in Sources */,
				8F2164541E7B0E9F008E5138 /* AppDelegate.swift in Sources */,
				8F2164711E7B2429008E5138 /* ViewController.swift in Sources */,
			);
			runOnlyForDeploymentPostprocessing = 0;
		};
/* End PBXSourcesBuildPhase section */

/* Begin PBXVariantGroup section */
		8F2164571E7B0E9F008E5138 /* Main.storyboard */ = {
			isa = PBXVariantGroup;
			children = (
				8F2164581E7B0E9F008E5138 /* Base */,
			);
			name = Main.storyboard;
			sourceTree = "<group>";
		};
		8F21645C1E7B0E9F008E5138 /* LaunchScreen.storyboard */ = {
			isa = PBXVariantGroup;
			children = (
				8F21645D1E7B0E9F008E5138 /* Base */,
			);
			name = LaunchScreen.storyboard;
			sourceTree = "<group>";
		};
/* End PBXVariantGroup section */

/* Begin XCBuildConfiguration section */
		8F2164601E7B0E9F008E5138 /* Debug */ = {
			isa = XCBuildConfiguration;
			buildSettings = {
				ALWAYS_SEARCH_USER_PATHS = NO;
				CLANG_ANALYZER_NONNULL = YES;
				CLANG_CXX_LANGUAGE_STANDARD = "gnu++0x";
				CLANG_CXX_LIBRARY = "libc++";
				CLANG_ENABLE_MODULES = YES;
				CLANG_ENABLE_OBJC_ARC = YES;
				CLANG_WARN_BOOL_CONVERSION = YES;
				CLANG_WARN_CONSTANT_CONVERSION = YES;
				CLANG_WARN_DIRECT_OBJC_ISA_USAGE = YES_ERROR;
				CLANG_WARN_DOCUMENTATION_COMMENTS = YES;
				CLANG_WARN_EMPTY_BODY = YES;
				CLANG_WARN_ENUM_CONVERSION = YES;
				CLANG_WARN_INFINITE_RECURSION = YES;
				CLANG_WARN_INT_CONVERSION = YES;
				CLANG_WARN_OBJC_ROOT_CLASS = YES_ERROR;
				CLANG_WARN_SUSPICIOUS_MOVE = YES;
				CLANG_WARN_UNREACHABLE_CODE = YES;
				CLANG_WARN__DUPLICATE_METHOD_MATCH = YES;
				"CODE_SIGN_IDENTITY[sdk=iphoneos*]" = "iPhone Developer";
				COPY_PHASE_STRIP = NO;
				DEBUG_INFORMATION_FORMAT = dwarf;
				ENABLE_STRICT_OBJC_MSGSEND = YES;
				ENABLE_TESTABILITY = YES;
				GCC_C_LANGUAGE_STANDARD = gnu99;
				GCC_DYNAMIC_NO_PIC = NO;
				GCC_NO_COMMON_BLOCKS = YES;
				GCC_OPTIMIZATION_LEVEL = 0;
				GCC_PREPROCESSOR_DEFINITIONS = (
					"DEBUG=1",
					"$(inherited)",
				);
				GCC_WARN_64_TO_32_BIT_CONVERSION = YES;
				GCC_WARN_ABOUT_RETURN_TYPE = YES_ERROR;
				GCC_WARN_UNDECLARED_SELECTOR = YES;
				GCC_WARN_UNINITIALIZED_AUTOS = YES_AGGRESSIVE;
				GCC_WARN_UNUSED_FUNCTION = YES;
				GCC_WARN_UNUSED_VARIABLE = YES;
				IPHONEOS_DEPLOYMENT_TARGET = 10.2;
				MTL_ENABLE_DEBUG_INFO = YES;
				ONLY_ACTIVE_ARCH = YES;
				SDKROOT = iphoneos;
				SWIFT_ACTIVE_COMPILATION_CONDITIONS = DEBUG;
				SWIFT_OPTIMIZATION_LEVEL = "-Onone";
			};
			name = Debug;
		};
		8F2164611E7B0E9F008E5138 /* Release */ = {
			isa = XCBuildConfiguration;
			buildSettings = {
				ALWAYS_SEARCH_USER_PATHS = NO;
				CLANG_ANALYZER_NONNULL = YES;
				CLANG_CXX_LANGUAGE_STANDARD = "gnu++0x";
				CLANG_CXX_LIBRARY = "libc++";
				CLANG_ENABLE_MODULES = YES;
				CLANG_ENABLE_OBJC_ARC = YES;
				CLANG_WARN_BOOL_CONVERSION = YES;
				CLANG_WARN_CONSTANT_CONVERSION = YES;
				CLANG_WARN_DIRECT_OBJC_ISA_USAGE = YES_ERROR;
				CLANG_WARN_DOCUMENTATION_COMMENTS = YES;
				CLANG_WARN_EMPTY_BODY = YES;
				CLANG_WARN_ENUM_CONVERSION = YES;
				CLANG_WARN_INFINITE_RECURSION = YES;
				CLANG_WARN_INT_CONVERSION = YES;
				CLANG_WARN_OBJC_ROOT_CLASS = YES_ERROR;
				CLANG_WARN_SUSPICIOUS_MOVE = YES;
				CLANG_WARN_UNREACHABLE_CODE = YES;
				CLANG_WARN__DUPLICATE_METHOD_MATCH = YES;
				"CODE_SIGN_IDENTITY[sdk=iphoneos*]" = "iPhone Developer";
				COPY_PHASE_STRIP = NO;
				DEBUG_INFORMATION_FORMAT = "dwarf-with-dsym";
				ENABLE_NS_ASSERTIONS = NO;
				ENABLE_STRICT_OBJC_MSGSEND = YES;
				GCC_C_LANGUAGE_STANDARD = gnu99;
				GCC_NO_COMMON_BLOCKS = YES;
				GCC_WARN_64_TO_32_BIT_CONVERSION = YES;
				GCC_WARN_ABOUT_RETURN_TYPE = YES_ERROR;
				GCC_WARN_UNDECLARED_SELECTOR = YES;
				GCC_WARN_UNINITIALIZED_AUTOS = YES_AGGRESSIVE;
				GCC_WARN_UNUSED_FUNCTION = YES;
				GCC_WARN_UNUSED_VARIABLE = YES;
				IPHONEOS_DEPLOYMENT_TARGET = 10.2;
				MTL_ENABLE_DEBUG_INFO = NO;
				SDKROOT = iphoneos;
				SWIFT_OPTIMIZATION_LEVEL = "-Owholemodule";
				VALIDATE_PRODUCT = YES;
			};
			name = Release;
		};
		8F2164631E7B0E9F008E5138 /* Debug */ = {
			isa = XCBuildConfiguration;
			buildSettings = {
				ASSETCATALOG_COMPILER_APPICON_NAME = AppIcon;
				DEVELOPMENT_TEAM = WNAGBXF4G9;
				INFOPLIST_FILE = DocShop/Info.plist;
				LD_RUNPATH_SEARCH_PATHS = "$(inherited) @executable_path/Frameworks";
				PRODUCT_BUNDLE_IDENTIFIER = com.johannkerr.DocShop;
				PRODUCT_NAME = "$(TARGET_NAME)";
				SWIFT_VERSION = 3.0;
			};
			name = Debug;
		};
		8F2164641E7B0E9F008E5138 /* Release */ = {
			isa = XCBuildConfiguration;
			buildSettings = {
				ASSETCATALOG_COMPILER_APPICON_NAME = AppIcon;
				DEVELOPMENT_TEAM = WNAGBXF4G9;
				INFOPLIST_FILE = DocShop/Info.plist;
				LD_RUNPATH_SEARCH_PATHS = "$(inherited) @executable_path/Frameworks";
				PRODUCT_BUNDLE_IDENTIFIER = com.johannkerr.DocShop;
				PRODUCT_NAME = "$(TARGET_NAME)";
				SWIFT_VERSION = 3.0;
			};
			name = Release;
		};
/* End XCBuildConfiguration section */

/* Begin XCConfigurationList section */
		8F21644B1E7B0E9F008E5138 /* Build configuration list for PBXProject "DocShop" */ = {
			isa = XCConfigurationList;
			buildConfigurations = (
				8F2164601E7B0E9F008E5138 /* Debug */,
				8F2164611E7B0E9F008E5138 /* Release */,
			);
			defaultConfigurationIsVisible = 0;
			defaultConfigurationName = Release;
		};
		8F2164621E7B0E9F008E5138 /* Build configuration list for PBXNativeTarget "DocShop" */ = {
			isa = XCConfigurationList;
			buildConfigurations = (
				8F2164631E7B0E9F008E5138 /* Debug */,
				8F2164641E7B0E9F008E5138 /* Release */,
			);
			defaultConfigurationIsVisible = 0;
		};
/* End XCConfigurationList section */

/* Begin XCVersionGroup section */
		8F21646B1E7B1848008E5138 /* DocModel.xcdatamodeld */ = {
			isa = XCVersionGroup;
			children = (
				8F21646C1E7B1848008E5138 /* DocModel.xcdatamodel */,
			);
			currentVersion = 8F21646C1E7B1848008E5138 /* DocModel.xcdatamodel */;
			path = DocModel.xcdatamodeld;
			sourceTree = "<group>";
			versionGroupType = wrapper.xcdatamodel;
		};
/* End XCVersionGroup section */
	};
	rootObject = 8F2164481E7B0E9F008E5138 /* Project object */;
}
